
Microsoft Visual Studio Solution File, Format Version 12.00
# Visual Studio Version 16
VisualStudioVersion = 16.0.31613.86
MinimumVisualStudioVersion = 10.0.40219.1
Project("{9A19103F-16F7-4668-BE54-9A1E7A4F7556}") = "EmailService", "EmailService\EmailService.csproj", "{558B0E6C-E6AB-4209-9B54-6001544E8343}"
EndProject
Global
	GlobalSection(SolutionConfigurationPlatforms) = preSolution
		Debug|Any CPU = Debug|Any CPU
		Release|Any CPU = Release|Any CPU
	EndGlobalSection
	GlobalSection(ProjectConfigurationPlatforms) = postSolution
		{558B0E6C-E6AB-4209-9B54-6001544E8343}.Debug|Any CPU.ActiveCfg = Debug|Any CPU
		{558B0E6C-E6AB-4209-9B54-6001544E8343}.Debug|Any CPU.Build.0 = Debug|Any CPU
		{558B0E6C-E6AB-4209-9B54-6001544E8343}.Release|Any CPU.ActiveCfg = Release|Any CPU
		{558B0E6C-E6AB-4209-9B54-6001544E8343}.Release|Any CPU.Build.0 = Release|Any CPU
	EndGlobalSection
	GlobalSection(SolutionProperties) = preSolution
		HideSolutionNode = FALSE
	EndGlobalSection
	GlobalSection(ExtensibilityGlobals) = postSolution
		SolutionGuid = {AF9F059D-DDF1-48C9-8DB0-5C3DF8FFE21A}
	EndGlobalSection
EndGlobal
